connectrpc.com/connect v1.20.0 h1:6TNDAB+WeNd2uolWNlYczB5E0KNNaVMNUEx8JEUsPmQ=
connectrpc.com/connect v1.20.0/go.mod h1:A2ygJrukXwWy32vkCAAHNVguZrqZ+jeZ9rGRnGR4dN4=
connectrpc.com/grpchealth v1.4.0 h1:MJC96JLelARPgZTiRF9KRfY/2N9OcoQvF2EWX07v2IE=
connectrpc.com/grpchealth v1.4.0/go.mod h1:WhW6m1EzTmq3Ky1FE8EfkIpSDc6TfUx2M2KqZO3ts/Q=
connectrpc.com/grpcreflect v1.3.0 h1:Y4V+ACf8/vOb1XOc251Qun7jMB75gCUNw6llvB9csXc=
connectrpc.com/grpcreflect v1.3.0/go.mod h1:nfloOtCS8VUQOQ1+GTdFzVg2CJo4ZGaat8JIovCtDYs=
github.com/FactomProject/basen v0.0.0-20150613233007-fe3947df716e h1:ahyvB3q25YnZWly5Gq1ekg6jcmWaGj/vG/MhF4aisoc=
github.com/FactomProject/basen v0.0.0-20150613233007-fe3947df716e/go.mod h1:kGUqhHd//musdITWjFvNTHn90WG9bMLBEPQZ17Cmlpw=
github.com/FactomProject/btcutilecc v0.0.0-20130527213604-d3a63a5752ec h1:1Qb69mGp/UtRPn422BH4/Y4Q3SLUrD9KHuDkm8iodFc=
github.com/FactomProject/btcutilecc v0.0.0-20130527213604-d3a63a5752ec/go.mod h1:CD8UlnlLDiqb36L110uqiP2iSflVjx9g/3U9hCI4q2U=
github.com/Masterminds/squirrel v1.5.4 h1:uUcX/aBc8O7Fg9kaISIUsHXdKuqehiXAMQTYX8afzqM=
github.com/Masterminds/squirrel v1.5.4/go.mod h1:NNaOrjSoIDfDA40n7sr2tPNZRfjzjA400rg+riTZj10=
github.com/barebitcoin/btc-buf v0.0.0-20251202201854-efb1eb3c5e20 h1:rXgZJ1w4B+5hWOBj9rxwxcWEOn0Kh8RcoJgxfIhA18Q=
github.com/barebitcoin/btc-buf v0.0.0-20251202201854-efb1eb3c5e20/go.mod h1:ooZOz1hpRPLBfas+P6op3U524rfhl3Eu+GeMi2JpAaE=
github.com/brianvoe/gofakeit/v7 v7.15.0 h1:kGLYAWN8tnmxq2PelKVK6zwpM7kMxdz9SGPH31mFkNs=
github.com/brianvoe/gofakeit/v7 v7.15.0/go.mod h1:QXuPeBw164PJCzCUZVmgpgHJ3Llj49jSLVkKPMtxtxA=
github.com/btcsuite/btcd v0.25.0 h1:JPbjwvHGpSywBRuorFFqTjaVP4y6Qw69XJ1nQ6MyWJM=
github.com/btcsuite/btcd v0.25.0/go.mod h1:qbPE+pEiR9643E1s1xu57awsRhlCIm1ZIi6FfeRA4KE=
github.com/btcsuite/btcd/btcec/v2 v2.5.0 h1:KioMXOWa76b86sTZZOmbzv/ldaQCmB8KFAyn5PbB8E8=
github.com/btcsuite/btcd/btcec/v2 v2.5.0/go.mod h1:+K/MYXcLBtHEQjRbjHuJChuybk4LCgjdjgRwil+e+Kk=
github.com/btcsuite/btcd/btcutil v1.2.0 h1:p3+S2g3Q+7G5NOh4Ji+2UrBOrg5Z0Q4ykzShWG1Dhgs=
github.com/btcsuite/btcd/btcutil v1.2.0/go.mod h1:/Taflm113pYjUpbWKKQEfa6XOtI/+WS8awxeMZpY75k=
github.com/btcsuite/btcd/btcutil/psbt v1.2.0 h1:w13gMXPVs9CCIAv/TCn/TBBHKxU4ywx5wjywwN08ORs=
github.com/btcsuite/btcd/btcutil/psbt v1.2.0/go.mod h1:wpG6BuIKYtMHPmqVnEcmKdciLc1qe6Pl3MKD6OoBBTY=
github.com/btcsuite/btcd/chaincfg/chainhash v1.2.0 h1:yMIg99+4aBvqfl/HzJRKfxTX9rGfikoI9uvFzterhc8=
github.com/btcsuite/btcd/chaincfg/chainhash v1.2.0/go.mod h1:Y72Ren9gfhlEvnwnT78BGcSNO2UMphTKLn9AorF+5rg=
github.com/btcsuite/btcd/chainhash/v2 v2.0.0 h1:PMLlSloHJuEeB80XG9EjpXWNEKAZAMLl6YHZ6YsEuoA=
github.com/btcsuite/btcd/chainhash/v2 v2.0.0/go.mod h1:mKxcZ7oGTXE7IRV+sS9hP4EVBwc/SzfNR+52IsOP9j8=
github.com/btcsuite/btclog v1.0.0 h1:sEkpKJMmfGiyZjADwEIgB1NSwMyfdD1FB8v6+w1T0Ns=
github.com/btcsuite/btclog v1.0.0/go.mod h1:w7xnGOhwT3lmrS4H3b/D1XAXxvh+tbhUm8xeHN2y3TQ=
github.com/cmars/basen v0.0.0-20150613233007-fe3947df716e h1:0XBUw73chJ1VYSsfvcPvVT7auykAJce9FpRr10L6Qhw=
github.com/cmars/basen v0.0.0-20150613233007-fe3947df716e/go.mod h1:P13beTBKr5Q18lJe1rIoLUqjM+CB1zYrRg44ZqGuQSA=
github.com/creack/pty v1.1.9/go.mod h1:oKZEueFk5CKHvIhNR5MUki03XCEU+Q6VDXinZuGJ33E=
github.com/davecgh/go-spew v1.1.0/go.mod h1:J7Y8YcW2NihsgmVo/mv3lAwl/skON4iLHjSsI+c5H38=
github.com/davecgh/go-spew v1.1.1/go.mod h1:J7Y8YcW2NihsgmVo/mv3lAwl/skON4iLHjSsI+c5H38=
github.com/davecgh/go-spew v1.1.2-0.20180830191138-d8f796af33cc h1:U9qPSI2PIWSS1VwoXQT9A3Wy9MM3WgvqSxFWenqJduM=
github.com/davecgh/go-spew v1.1.2-0.20180830191138-d8f796af33cc/go.mod h1:J7Y8YcW2NihsgmVo/mv3lAwl/skON4iLHjSsI+c5H38=
github.com/decred/dcrd/crypto/blake256 v1.1.0 h1:zPMNGQCm0g4QTY27fOCorQW7EryeQ/U0x++OzVrdms8=
github.com/decred/dcrd/crypto/blake256 v1.1.0/go.mod h1:2OfgNZ5wDpcsFmHmCK5gZTPcCXqlm2ArzUIkw9czNJo=
github.com/decred/dcrd/dcrec/secp256k1/v4 v4.4.1 h1:5RVFMOWjMyRy8cARdy79nAmgYw3hK/4HUq48LQ6Wwqo=
github.com/decred/dcrd/dcrec/secp256k1/v4 v4.4.1/go.mod h1:ZXNYxsqcloTdSy/rNShjYzMhyjf0LaoftYK0p+A3h40=
github.com/fsnotify/fsnotify v1.9.0 h1:2Ml+OJNzbYCTzsxtv8vKSFD9PbJjmhYF14k/jKC7S9k=
github.com/fsnotify/fsnotify v1.9.0/go.mod h1:8jBTzvmWwFyi3Pb8djgCCO5IBqzKJ/Jwo8TRcHyHii0=
github.com/go-zeromq/goczmq/v4 v4.2.2 h1:HAJN+i+3NW55ijMJJhk7oWxHKXgAuSBkoFfvr8bYj4U=
github.com/go-zeromq/goczmq/v4 v4.2.2/go.mod h1:Sm/lxrfxP/Oxqs0tnHD6WAhwkWrx+S+1MRrKzcxoaYE=
github.com/go-zeromq/zmq4 v0.17.0 h1:r12/XdqPeRbuaF4C3QZJeWCt7a5vpJbslDH1rTXF+Kc=
github.com/go-zeromq/zmq4 v0.17.0/go.mod h1:EQxjJD92qKnrsVMzAnx62giD6uJIPi1dMGZ781iCDtY=
github.com/golang/snappy v0.0.4 h1:yAGX7huGHXlcLOEtBnF4w7FQwA26wojNCwOYAEhLjQM=
github.com/golang/snappy v0.0.4/go.mod h1:/XxbfmMg8lxefKM7IXC3fBNl/7bRcc72aCRzEWrmP2Q=
github.com/google/go-cmp v0.7.0 h1:wk8382ETsv4JYUZwIsn6YpYiWiBsYLSJiTsyBybVuN8=
github.com/google/go-cmp v0.7.0/go.mod h1:pXiqmnSA92OHEEa9HXL2W4E7lf9JzCmGVUdgjX3N/iU=
github.com/gorilla/mux v1.8.1 h1:TuBL49tXwgrFYWhqrNgrUNEY92u81SPhu7sTdzQEiWY=
github.com/gorilla/mux v1.8.1/go.mod h1:AKf9I4AEqPTmMytcMc0KkNouC66V3BtZ4qD5fmWSiMQ=
github.com/jessevdk/go-flags v1.6.1 h1:Cvu5U8UGrLay1rZfv/zP7iLpSHGUZ/Ou68T0iX1bBK4=
github.com/jessevdk/go-flags v1.6.1/go.mod h1:Mk8T1hIAWpOiJiHa9rJASDK2UGWji0EuPGBnNLMooyc=
github.com/kcalvinalvin/anet v0.0.0-20251112173137-d8ddc1f6dbee h1:FPP9HDkBbPyniu+u7FHZg+kKFX1WW0gxOGteJ0h3AJk=
github.com/kcalvinalvin/anet v0.0.0-20251112173137-d8ddc1f6dbee/go.mod h1:N6sz6HwJAenJ6d+/xmSl0ikfV05ZrVGmjt1ryy/WOtE=
github.com/kr/pretty v0.3.0 h1:WgNl7dwNpEZ6jJ9k1snq4pZsg7DOEN8hP9Xw0Tsjwk0=
github.com/kr/pretty v0.3.0/go.mod h1:640gp4NfQd8pI5XOwp5fnNeVWj67G7CFk/SaSQn7NBk=
github.com/kr/text v0.2.0 h1:5Nx0Ya0ZqY2ygV366QzturHI13Jq95ApcVaJBhpS+AY=
github.com/kr/text v0.2.0/go.mod h1:eLer722TekiGuMkidMxC/pM04lWEeraHUUmBw8l2grE=
github.com/lann/builder v0.0.0-20180802200727-47ae307949d0 h1:SOEGU9fKiNWd/HOJuq6+3iTQz8KNCLtVX6idSoTLdUw=
github.com/lann/builder v0.0.0-20180802200727-47ae307949d0/go.mod h1:dXGbAdH5GtBTC4WfIxhKZfyBF/HBFgRZSWwZ9g/He9o=
github.com/lann/ps v0.0.0-20150810152359-62de8c46ede0 h1:P6pPBnrTSX3DEVR4fDembhRWSsG5rVo6hYhAB/ADZrk=
github.com/lann/ps v0.0.0-20150810152359-62de8c46ede0/go.mod h1:vmVJ0l/dxyfGW6FmdpVm2joNMFikkuWg0EoCKLGUMNw=
github.com/mattn/go-colorable v0.1.14 h1:9A9LHSqF/7dyVVX6g0U9cwm9pG3kP9gSzcuIPHPsaIE=
github.com/mattn/go-colorable v0.1.14/go.mod h1:6LmQG8QLFO4G5z1gPvYEzlUgJ2wF+stgPZH1UqBm1s8=
github.com/mattn/go-isatty v0.0.20 h1:xfD0iDuEKnDkl03q4limB+vH+GxLEtL/jb4xVJSWWEY=
github.com/mattn/go-isatty v0.0.20/go.mod h1:W+V8PltTTMOvKvAeJH7IuucS94S2C6jfK/D7dTCTo3Y=
github.com/mattn/go-sqlite3 v1.14.47 h1:jOBI62gS7nKeZv+as1oGEy0+1qISgXwH/QBlR6KbfIo=
github.com/mattn/go-sqlite3 v1.14.47/go.mod h1:6JTjA44L93a0QCyJef5YvlPoKXntQPjzWv5gtm9sB6w=
github.com/oklog/ulid/v2 v2.1.1 h1:suPZ4ARWLOJLegGFiZZ1dFAkqzhMjL3J1TzI+5wHz8s=
github.com/oklog/ulid/v2 v2.1.1/go.mod h1:rcEKHmBBKfef9DhnvX7y1HZBYxjXb0cP5ExxNsTT1QQ=
github.com/pborman/getopt v0.0.0-20170112200414-7148bc3a4c30/go.mod h1:85jBQOZwpVEaDAr341tbn15RS4fCAsIst0qp7i8ex1o=
github.com/pmezard/go-difflib v1.0.0/go.mod h1:iKH77koFhYxTK1pcRnkKkqfTogsbg7gZNVY4sRDYZ/4=
github.com/pmezard/go-difflib v1.0.1-0.20181226105442-5d4384ee4fb2 h1:Jamvg5psRIccs7FGNTlIRMkT8wgtp5eCXdBlqhYGL6U=
github.com/pmezard/go-difflib v1.0.1-0.20181226105442-5d4384ee4fb2/go.mod h1:iKH77koFhYxTK1pcRnkKkqfTogsbg7gZNVY4sRDYZ/4=
github.com/rogpeppe/go-internal v1.9.0 h1:73kH8U+JUqXU8lRuOHeVHaa/SZPifC7BkcraZVejAe8=
github.com/rogpeppe/go-internal v1.9.0/go.mod h1:WtVeX8xhTBvf0smdhujwtBcq4Qrzq/fJaraNFVN+nFs=
github.com/rs/zerolog v1.35.1 h1:m7xQeoiLIiV0BCEY4Hs+j2NG4Gp2o2KPKmhnnLiazKI=
github.com/rs/zerolog v1.35.1/go.mod h1:EjML9kdfa/RMA7h/6z6pYmq1ykOuA8/mjWaEvGI+jcw=
github.com/samber/lo v1.53.0 h1:t975lj2py4kJPQ6haz1QMgtId2gtmfktACxIXArw3HM=
github.com/samber/lo v1.53.0/go.mod h1:4+MXEGsJzbKGaUEQFKBq2xtfuznW9oz/WrgyzMzRoM0=
github.com/sourcegraph/conc v0.3.0 h1:OQTbbt6P72L20UqAkXXuLOj79LfEanQ+YQFNpLA9ySo=
github.com/sourcegraph/conc v0.3.0/go.mod h1:Sdozi7LEKbFPqYX2/J+iBAM6HpqSLTASQIKqDmF7Mt0=
github.com/stretchr/testify v1.1.5-0.20170601210322-f6abca593680/go.mod h1:a8OnRcib4nhh0OaRAV+Yts87kKdq0PP7pXfy6kDkUVs=
github.com/stretchr/testify v1.2.2/go.mod h1:a8OnRcib4nhh0OaRAV+Yts87kKdq0PP7pXfy6kDkUVs=
github.com/stretchr/testify v1.11.1 h1:7s2iGBzp5EwR7/aIZr8ao5+dra3wiQyKjjFuvgVKu7U=
github.com/stretchr/testify v1.11.1/go.mod h1:wZwfW3scLgRK+23gO65QZefKpKQRnfz6sD981Nm4B6U=
github.com/syndtr/goleveldb v1.0.1-0.20210819022825-2ae1ddf74ef7 h1:epCh84lMvA70Z7CTTCmYQn2CKbY8j86K7/FAIr141uY=
github.com/syndtr/goleveldb v1.0.1-0.20210819022825-2ae1ddf74ef7/go.mod h1:q4W45IWZaF22tdD+VEXcAWRA037jwmWEB5VWYORlTpc=
github.com/tyler-smith/go-bip32 v1.0.0 h1:sDR9juArbUgX+bO/iblgZnMPeWY1KZMUC2AFUJdv5KE=
github.com/tyler-smith/go-bip32 v1.0.0/go.mod h1:onot+eHknzV4BVPwrzqY5OoVpyCvnwD7lMawL5aQupE=
github.com/tyler-smith/go-bip39 v1.1.0 h1:5eUemwrMargf3BSLRRCalXT93Ns6pQJIjYQN2nyfOP8=
github.com/tyler-smith/go-bip39 v1.1.0/go.mod h1:gUYDtqQw1JS3ZJ8UWVcGTGqqr6YIN3CWg+kkNaLt55U=
go.uber.org/mock v0.6.0 h1:hyF9dfmbgIX5EfOdasqLsWD6xqpNZlXblLB/Dbnwv3Y=
go.uber.org/mock v0.6.0/go.mod h1:KiVJ4BqZJaMj4svdfmHM0AUx4NJYO8ZNpPnZn1Z+BBU=
go.uber.org/multierr v1.11.0 h1:blXXJkSxSSfBVBlC76pxqeO+LN3aDfLQo+309xJstO0=
go.uber.org/multierr v1.11.0/go.mod h1:20+QtiLqy0Nd6FdQB9TLXag12DsQkrbs3htMFfDN80Y=
golang.org/x/crypto v0.0.0-20170613210332-850760c427c5/go.mod h1:6SG95UA2DQfeDnfUPMdvaQW0Q7yPrPDi9nlGo2tz2b4=
golang.org/x/crypto v0.0.0-20190308221718-c2843e01d9a2/go.mod h1:djNgcEr1/C05ACkg1iLfiJU5Ep61QUkGW8qpdssI0+w=
golang.org/x/crypto v0.0.0-20200622213623-75b288015ac9/go.mod h1:LzIPMQfyMNhhGPhUkYOs5KpL4U8rLKemX1yGLhDgUto=
golang.org/x/crypto v0.53.0 h1:QZ4Muo8THX6CizN2vPPd5fBGHyogrdK9fG4wLPFUsto=
golang.org/x/crypto v0.53.0/go.mod h1:DNLU434OwVakk9PzuwV8w62mAJpRJL3vsgcfp4Qnsio=
golang.org/x/exp v0.0.0-20251113190631-e25ba8c21ef6 h1:zfMcR1Cs4KNuomFFgGefv5N0czO2XZpUbxGUy8i8ug0=
golang.org/x/exp v0.0.0-20251113190631-e25ba8c21ef6/go.mod h1:46edojNIoXTNOhySWIWdix628clX9ODXwPsQuG6hsK0=
golang.org/x/net v0.0.0-20190404232315-eb5bcb51f2a3/go.mod h1:t9HGtf8HONx5eT2rtn7q6eTqICYqUVnKs3thJo3Qplg=
golang.org/x/net v0.56.0 h1:Rw8j/hFzGvJUZwNBXnAtf5sVDVt+65SK2C7IxCxZt5o=
golang.org/x/net v0.56.0/go.mod h1:D3Ku6r+V6JROoZK144D2XfMHFcMq/0zSfLelVTCFKec=
golang.org/x/sync v0.21.0 h1:HLII4xRRTtCRkxYp4HNFF0Js/Og6q2i++KXbg0gHCwM=
golang.org/x/sync v0.21.0/go.mod h1:9xrNwdLfx4jkKbNva9FpL6vEN7evnE43NNNJQ2LF3+0=
golang.org/x/sys v0.0.0-20190215142949-d0b11bdaac8a/go.mod h1:STP8DvDyc/dI5b8T5hshtkjS+E42TnysNCUPdjciGhY=
golang.org/x/sys v0.0.0-20190412213103-97732733099d/go.mod h1:h1NjWce9XRLGQEsW7wpKNCjG9DtNlClVuFLEZdDNbEs=
golang.org/x/sys v0.6.0/go.mod h1:oPkhp1MJrh7nUepCBck5+mAzfO9JrbApNNgaTdGDITg=
golang.org/x/sys v0.46.0 h1:noSf2Fq6F8DBgS+LysIkx7rIExoNHJsxOAtPp4rthXw=
golang.org/x/sys v0.46.0/go.mod h1:4GL1E5IUh+htKOUEOaiffhrAeqysfVGipDYzABqnCmw=
golang.org/x/text v0.3.0/go.mod h1:NqM8EUOU14njkJ3fqMW+pc6Ldnwhi/IjpwHt7yyuwOQ=
golang.org/x/text v0.38.0 h1:sXmwo9DwP3OK9EZ7PqAdaooSGozfl/3a6/xJcbzPRhE=
golang.org/x/text v0.38.0/go.mod h1:YXZt3QhHUKYT53r2lLKFIVi6Ao1jdzrTR/KQ09qyxF4=
google.golang.org/protobuf v1.36.11 h1:fV6ZwhNocDyBLK0dj+fg8ektcVegBBuEolpbTQyBNVE=
google.golang.org/protobuf v1.36.11/go.mod h1:HTf+CrKn2C3g5S8VImy6tdcUvCska2kB7j23XfzDpco=
gopkg.in/check.v1 v0.0.0-20161208181325-20d25e280405/go.mod h1:Co6ibVJAznAaIkqp8huTwlJQCZ016jof/cbN4VW5Yz0=
gopkg.in/check.v1 v1.0.0-20190902080502-41f04d3bba15 h1:YR8cESwS4TdDjEe65xsg0ogRM/Nc3DYOhEAlW+xobZo=
gopkg.in/check.v1 v1.0.0-20190902080502-41f04d3bba15/go.mod h1:Co6ibVJAznAaIkqp8huTwlJQCZ016jof/cbN4VW5Yz0=
gopkg.in/yaml.v3 v3.0.1 h1:fxVm/GzAzEWqLHuvctI91KS9hhNmmWOoWu0XTYJS7CA=
gopkg.in/yaml.v3 v3.0.1/go.mod h1:K4uyk7z7BCEPqu6E+C64Yfv1cQ7kz7rIZviUmN+EgEM=
launchpad.net/gocheck v0.0.0-20140225173054-000000000087 h1:Izowp2XBH6Ya6rv+hqbceQyw/gSGoXfH/UPoTGduL54=
launchpad.net/gocheck v0.0.0-20140225173054-000000000087/go.mod h1:hj7XX3B/0A+80Vse0e+BUHsHMTEhd0O4cpUHr/e/BUM=
pgregory.net/rapid v1.2.0 h1:keKAYRcjm+e1F0oAuU5F5+YPAWcyxNNRK2wud503Gnk=
pgregory.net/rapid v1.2.0/go.mod h1:PY5XlDGj0+V1FCq0o192FdRhpKHGTRIWBgqjDBTrq04=
