# Generated by buf. DO NOT EDIT.
version: v2
deps:
  - name: buf.build/bitcoin/bitcoind
    commit: 8775900baa4f4923a14190708156b402
    digest: b5:99c4b9ec8e57ed259701d0084b7a22c12bde4a19bc4b8fd7617700b964917044f94f0b32dded5f101bfc933d3a720503c1e1b6b7987e3f057c53d2f24c679eb6
  - name: buf.build/bufbuild/protovalidate
    commit: 5a7b106cbb87462d9a8c9ffecdbd2e38
    digest: b5:0f2dc6c9453e9cc9e9f36807aaa5f94022e837d91fef4dcaeed79a35c0843cc64eba28ff077aab24da3b2cb12639ad256246f9f9a36c033b99d5754b19996b7e
